
Microsoft Visual Studio Solution File, Format Version 12.00
# Visual Studio Version 17
VisualStudioVersion = 17.0.31903.59
MinimumVisualStudioVersion = 10.0.40219.1
Project("{2150E333-8FDC-42A3-9474-1A3956D46DE8}") = "src", "src", "{827E0CD3-B72D-47B6-A68D-7590B98EB39B}"
EndProject
Project("{2150E333-8FDC-42A3-9474-1A3956D46DE8}") = "WeatherTraveler.Core", "WeatherTraveler.Core", "{EC067C27-50BC-2842-A8CE-809685863BD6}"
EndProject
Project("{F2A71F9B-5D33-465A-A702-920D77279786}") = "WeatherTraveler.Core", "src\WeatherTraveler.Core\WeatherTraveler.Core.fsproj", "{E8B531EC-4648-4CA9-A5DE-F490A89C268F}"
EndProject
Project("{2150E333-8FDC-42A3-9474-1A3956D46DE8}") = "WeatherTraveler.Console", "WeatherTraveler.Console", "{3177D840-9F90-0AFE-E55B-DF32958D5D4C}"
EndProject
Project("{F2A71F9B-5D33-465A-A702-920D77279786}") = "WeatherTraveler.Console", "src\WeatherTraveler.Console\WeatherTraveler.Console.fsproj", "{C4EB8889-3D69-421C-8345-9B34430C1356}"
EndProject
Project("{2150E333-8FDC-42A3-9474-1A3956D46DE8}") = "tests", "tests", "{0AB3BF05-4346-4AA6-1389-037BE0695223}"
EndProject
Project("{2150E333-8FDC-42A3-9474-1A3956D46DE8}") = "WeatherTraveler.Tests", "WeatherTraveler.Tests", "{6A4C26DA-94A7-D81C-9146-7B2B77CE667C}"
EndProject
Project("{F2A71F9B-5D33-465A-A702-920D77279786}") = "WeatherTraveler.Tests", "tests\WeatherTraveler.Tests\WeatherTraveler.Tests.fsproj", "{F0DE1EF1-5ECE-4758-9166-14A0300FBEDB}"
EndProject
Project("{2150E333-8FDC-42A3-9474-1A3956D46DE8}") = "samples", "samples", "{5D20AA90-6969-D8BD-9DCD-8634F4692FDA}"
EndProject
Project("{2150E333-8FDC-42A3-9474-1A3956D46DE8}") = "WeatherTraveler.Demo", "WeatherTraveler.Demo", "{977852F6-BA61-A050-0BB0-643259D0E9A2}"
EndProject
Project("{F2A71F9B-5D33-465A-A702-920D77279786}") = "WeatherTraveler.Demo", "samples\WeatherTraveler.Demo\WeatherTraveler.Demo.fsproj", "{0156D9D0-BEFC-4D14-A816-2C8B5F63800D}"
EndProject
Project("{FAE04EC0-301F-11D3-BF4B-00C04F79EFBC}") = "WeatherTraveler.Web", "src\WeatherTraveler.Web\WeatherTraveler.Web.csproj", "{8DAFEAC3-9080-41DA-A361-3572F4986004}"
EndProject
Global
	GlobalSection(SolutionConfigurationPlatforms) = preSolution
		Debug|Any CPU = Debug|Any CPU
		Debug|x64 = Debug|x64
		Debug|x86 = Debug|x86
		Release|Any CPU = Release|Any CPU
		Release|x64 = Release|x64
		Release|x86 = Release|x86
	EndGlobalSection
	GlobalSection(ProjectConfigurationPlatforms) = postSolution
		{E8B531EC-4648-4CA9-A5DE-F490A89C268F}.Debug|Any CPU.ActiveCfg = Debug|Any CPU
		{E8B531EC-4648-4CA9-A5DE-F490A89C268F}.Debug|Any CPU.Build.0 = Debug|Any CPU
		{E8B531EC-4648-4CA9-A5DE-F490A89C268F}.Debug|x64.ActiveCfg = Debug|Any CPU
		{E8B531EC-4648-4CA9-A5DE-F490A89C268F}.Debug|x64.Build.0 = Debug|Any CPU
		{E8B531EC-4648-4CA9-A5DE-F490A89C268F}.Debug|x86.ActiveCfg = Debug|Any CPU
		{E8B531EC-4648-4CA9-A5DE-F490A89C268F}.Debug|x86.Build.0 = Debug|Any CPU
		{E8B531EC-4648-4CA9-A5DE-F490A89C268F}.Release|Any CPU.ActiveCfg = Release|Any CPU
		{E8B531EC-4648-4CA9-A5DE-F490A89C268F}.Release|Any CPU.Build.0 = Release|Any CPU
		{E8B531EC-4648-4CA9-A5DE-F490A89C268F}.Release|x64.ActiveCfg = Release|Any CPU
		{E8B531EC-4648-4CA9-A5DE-F490A89C268F}.Release|x64.Build.0 = Release|Any CPU
		{E8B531EC-4648-4CA9-A5DE-F490A89C268F}.Release|x86.ActiveCfg = Release|Any CPU
		{E8B531EC-4648-4CA9-A5DE-F490A89C268F}.Release|x86.Build.0 = Release|Any CPU
		{C4EB8889-3D69-421C-8345-9B34430C1356}.Debug|Any CPU.ActiveCfg = Debug|Any CPU
		{C4EB8889-3D69-421C-8345-9B34430C1356}.Debug|Any CPU.Build.0 = Debug|Any CPU
		{C4EB8889-3D69-421C-8345-9B34430C1356}.Debug|x64.ActiveCfg = Debug|Any CPU
		{C4EB8889-3D69-421C-8345-9B34430C1356}.Debug|x64.Build.0 = Debug|Any CPU
		{C4EB8889-3D69-421C-8345-9B34430C1356}.Debug|x86.ActiveCfg = Debug|Any CPU
		{C4EB8889-3D69-421C-8345-9B34430C1356}.Debug|x86.Build.0 = Debug|Any CPU
		{C4EB8889-3D69-421C-8345-9B34430C1356}.Release|Any CPU.ActiveCfg = Release|Any CPU
		{C4EB8889-3D69-421C-8345-9B34430C1356}.Release|Any CPU.Build.0 = Release|Any CPU
		{C4EB8889-3D69-421C-8345-9B34430C1356}.Release|x64.ActiveCfg = Release|Any CPU
		{C4EB8889-3D69-421C-8345-9B34430C1356}.Release|x64.Build.0 = Release|Any CPU
		{C4EB8889-3D69-421C-8345-9B34430C1356}.Release|x86.ActiveCfg = Release|Any CPU
		{C4EB8889-3D69-421C-8345-9B34430C1356}.Release|x86.Build.0 = Release|Any CPU
		{F0DE1EF1-5ECE-4758-9166-14A0300FBEDB}.Debug|Any CPU.ActiveCfg = Debug|Any CPU
		{F0DE1EF1-5ECE-4758-9166-14A0300FBEDB}.Debug|Any CPU.Build.0 = Debug|Any CPU
		{F0DE1EF1-5ECE-4758-9166-14A0300FBEDB}.Debug|x64.ActiveCfg = Debug|Any CPU
		{F0DE1EF1-5ECE-4758-9166-14A0300FBEDB}.Debug|x64.Build.0 = Debug|Any CPU
		{F0DE1EF1-5ECE-4758-9166-14A0300FBEDB}.Debug|x86.ActiveCfg = Debug|Any CPU
		{F0DE1EF1-5ECE-4758-9166-14A0300FBEDB}.Debug|x86.Build.0 = Debug|Any CPU
		{F0DE1EF1-5ECE-4758-9166-14A0300FBEDB}.Release|Any CPU.ActiveCfg = Release|Any CPU
		{F0DE1EF1-5ECE-4758-9166-14A0300FBEDB}.Release|Any CPU.Build.0 = Release|Any CPU
		{F0DE1EF1-5ECE-4758-9166-14A0300FBEDB}.Release|x64.ActiveCfg = Release|Any CPU
		{F0DE1EF1-5ECE-4758-9166-14A0300FBEDB}.Release|x64.Build.0 = Release|Any CPU
		{F0DE1EF1-5ECE-4758-9166-14A0300FBEDB}.Release|x86.ActiveCfg = Release|Any CPU
		{F0DE1EF1-5ECE-4758-9166-14A0300FBEDB}.Release|x86.Build.0 = Release|Any CPU
		{0156D9D0-BEFC-4D14-A816-2C8B5F63800D}.Debug|Any CPU.ActiveCfg = Debug|Any CPU
		{0156D9D0-BEFC-4D14-A816-2C8B5F63800D}.Debug|Any CPU.Build.0 = Debug|Any CPU
		{0156D9D0-BEFC-4D14-A816-2C8B5F63800D}.Debug|x64.ActiveCfg = Debug|Any CPU
		{0156D9D0-BEFC-4D14-A816-2C8B5F63800D}.Debug|x64.Build.0 = Debug|Any CPU
		{0156D9D0-BEFC-4D14-A816-2C8B5F63800D}.Debug|x86.ActiveCfg = Debug|Any CPU
		{0156D9D0-BEFC-4D14-A816-2C8B5F63800D}.Debug|x86.Build.0 = Debug|Any CPU
		{0156D9D0-BEFC-4D14-A816-2C8B5F63800D}.Release|Any CPU.ActiveCfg = Release|Any CPU
		{0156D9D0-BEFC-4D14-A816-2C8B5F63800D}.Release|Any CPU.Build.0 = Release|Any CPU
		{0156D9D0-BEFC-4D14-A816-2C8B5F63800D}.Release|x64.ActiveCfg = Release|Any CPU
		{0156D9D0-BEFC-4D14-A816-2C8B5F63800D}.Release|x64.Build.0 = Release|Any CPU
		{0156D9D0-BEFC-4D14-A816-2C8B5F63800D}.Release|x86.ActiveCfg = Release|Any CPU
		{0156D9D0-BEFC-4D14-A816-2C8B5F63800D}.Release|x86.Build.0 = Release|Any CPU
		{8DAFEAC3-9080-41DA-A361-3572F4986004}.Debug|Any CPU.ActiveCfg = Debug|Any CPU
		{8DAFEAC3-9080-41DA-A361-3572F4986004}.Debug|Any CPU.Build.0 = Debug|Any CPU
		{8DAFEAC3-9080-41DA-A361-3572F4986004}.Debug|x64.ActiveCfg = Debug|Any CPU
		{8DAFEAC3-9080-41DA-A361-3572F4986004}.Debug|x64.Build.0 = Debug|Any CPU
		{8DAFEAC3-9080-41DA-A361-3572F4986004}.Debug|x86.ActiveCfg = Debug|Any CPU
		{8DAFEAC3-9080-41DA-A361-3572F4986004}.Debug|x86.Build.0 = Debug|Any CPU
		{8DAFEAC3-9080-41DA-A361-3572F4986004}.Release|Any CPU.ActiveCfg = Release|Any CPU
		{8DAFEAC3-9080-41DA-A361-3572F4986004}.Release|Any CPU.Build.0 = Release|Any CPU
		{8DAFEAC3-9080-41DA-A361-3572F4986004}.Release|x64.ActiveCfg = Release|Any CPU
		{8DAFEAC3-9080-41DA-A361-3572F4986004}.Release|x64.Build.0 = Release|Any CPU
		{8DAFEAC3-9080-41DA-A361-3572F4986004}.Release|x86.ActiveCfg = Release|Any CPU
		{8DAFEAC3-9080-41DA-A361-3572F4986004}.Release|x86.Build.0 = Release|Any CPU
	EndGlobalSection
	GlobalSection(SolutionProperties) = preSolution
		HideSolutionNode = FALSE
	EndGlobalSection
	GlobalSection(NestedProjects) = preSolution
		{EC067C27-50BC-2842-A8CE-809685863BD6} = {827E0CD3-B72D-47B6-A68D-7590B98EB39B}
		{E8B531EC-4648-4CA9-A5DE-F490A89C268F} = {EC067C27-50BC-2842-A8CE-809685863BD6}
		{3177D840-9F90-0AFE-E55B-DF32958D5D4C} = {827E0CD3-B72D-47B6-A68D-7590B98EB39B}
		{C4EB8889-3D69-421C-8345-9B34430C1356} = {3177D840-9F90-0AFE-E55B-DF32958D5D4C}
		{6A4C26DA-94A7-D81C-9146-7B2B77CE667C} = {0AB3BF05-4346-4AA6-1389-037BE0695223}
		{F0DE1EF1-5ECE-4758-9166-14A0300FBEDB} = {6A4C26DA-94A7-D81C-9146-7B2B77CE667C}
		{977852F6-BA61-A050-0BB0-643259D0E9A2} = {5D20AA90-6969-D8BD-9DCD-8634F4692FDA}
		{0156D9D0-BEFC-4D14-A816-2C8B5F63800D} = {977852F6-BA61-A050-0BB0-643259D0E9A2}
		{8DAFEAC3-9080-41DA-A361-3572F4986004} = {827E0CD3-B72D-47B6-A68D-7590B98EB39B}
	EndGlobalSection
EndGlobal
